
Microsoft Visual Studio Solution File, Format Version 12.00
# Visual Studio Version 17
VisualStudioVersion = 17.4.33110.190
MinimumVisualStudioVersion = 10.0.40219.1
Project("{FAE04EC0-301F-11D3-BF4B-00C04F79EFBC}") = "ADONETFIRST", "ADONETFIRST\ADONETFIRST.csproj", "{8DE88A87-56C5-4A2E-B8F0-6C1F08773505}"
EndProject
Global
	GlobalSection(SolutionConfigurationPlatforms) = preSolution
		Debug|Any CPU = Debug|Any CPU
		Release|Any CPU = Release|Any CPU
	EndGlobalSection
	GlobalSection(ProjectConfigurationPlatforms) = postSolution
		{8DE88A87-56C5-4A2E-B8F0-6C1F08773505}.Debug|Any CPU.ActiveCfg = Debug|Any CPU
		{8DE88A87-56C5-4A2E-B8F0-6C1F08773505}.Debug|Any CPU.Build.0 = Debug|Any CPU
		{8DE88A87-56C5-4A2E-B8F0-6C1F08773505}.Release|Any CPU.ActiveCfg = Release|Any CPU
		{8DE88A87-56C5-4A2E-B8F0-6C1F08773505}.Release|Any CPU.Build.0 = Release|Any CPU
	EndGlobalSection
	GlobalSection(SolutionProperties) = preSolution
		HideSolutionNode = FALSE
	EndGlobalSection
	GlobalSection(ExtensibilityGlobals) = postSolution
		SolutionGuid = {FBF79AA8-FD89-46A1-9430-44D10FEE40B8}
	EndGlobalSection
EndGlobal
